
Microsoft Visual Studio Solution File, Format Version 12.00
# Visual Studio Version 16
VisualStudioVersion = 16.0.29123.89
MinimumVisualStudioVersion = 10.0.40219.1
Project("{FAE04EC0-301F-11D3-BF4B-00C04F79EFBC}") = "WPinternals", "WPinternals.csproj", "{AED6DEB8-F54C-4B41-9655-793E7096AE6E}"
EndProject
Global
	GlobalSection(SolutionConfigurationPlatforms) = preSolution
		Debug|Any CPU = Debug|Any CPU
		Debug-AddEmergency|Any CPU = Debug-AddEmergency|Any CPU
		Debug-BackupGPT|Any CPU = Debug-BackupGPT|Any CPU
		Debug-ClearNV|Any CPU = Debug-ClearNV|Any CPU
		Debug-CustomFlash-930|Any CPU = Debug-CustomFlash-930|Any CPU
		Debug-CustomFlash-950 (no restart)|Any CPU = Debug-CustomFlash-950 (no restart)|Any CPU
		Debug-CustomFlash-950|Any CPU = Debug-CustomFlash-950|Any CPU
		Debug-DLall|Any CPU = Debug-DLall|Any CPU
		Debug-DLEmergency|Any CPU = Debug-DLEmergency|Any CPU
		Debug-DLFFU|Any CPU = Debug-DLFFU|Any CPU
		Debug-DumpFFU|Any CPU = Debug-DumpFFU|Any CPU
		Debug-DumpUEFI|Any CPU = Debug-DumpUEFI|Any CPU
		Debug-EnableRootAccess|Any CPU = Debug-EnableRootAccess|Any CPU
		Debug-EnableRootAccessOnImage|Any CPU = Debug-EnableRootAccessOnImage|Any CPU
		Debug-EnableTestSigning (no restart)|Any CPU = Debug-EnableTestSigning (no restart)|Any CPU
		Debug-EnableTestSigning|Any CPU = Debug-EnableTestSigning|Any CPU
		Debug-FindFlashingProfile|Any CPU = Debug-FindFlashingProfile|Any CPU
		Debug-FindFlashingProfileNoRestart|Any CPU = Debug-FindFlashingProfileNoRestart|Any CPU
		Debug-FixBoot|Any CPU = Debug-FixBoot|Any CPU
		Debug-FlashCustomRom-640|Any CPU = Debug-FlashCustomRom-640|Any CPU
		Debug-FlashFFU-RM1073|Any CPU = Debug-FlashFFU-RM1073|Any CPU
		Debug-FlashFFU-RM1085|Any CPU = Debug-FlashFFU-RM1085|Any CPU
		Debug-FlashRaw|Any CPU = Debug-FlashRaw|Any CPU
		Debug-Help|Any CPU = Debug-Help|Any CPU
		Debug-MergeGptXmlXml|Any CPU = Debug-MergeGptXmlXml|Any CPU
		Debug-MergeGptXmlZip|Any CPU = Debug-MergeGptXmlZip|Any CPU
		Debug-MSM|Any CPU = Debug-MSM|Any CPU
		Debug-ReadGPT|Any CPU = Debug-ReadGPT|Any CPU
		Debug-RelockPhone|Any CPU = Debug-RelockPhone|Any CPU
		Debug-RestoreGPT|Any CPU = Debug-RestoreGPT|Any CPU
		Debug-ShowFFU|Any CPU = Debug-ShowFFU|Any CPU
		Debug-ShowPhoneInfo|Any CPU = Debug-ShowPhoneInfo|Any CPU
		Debug-Test|Any CPU = Debug-Test|Any CPU
		Debug-TestProgrammer-550|Any CPU = Debug-TestProgrammer-550|Any CPU
		Debug-TestProgrammer-630|Any CPU = Debug-TestProgrammer-630|Any CPU
		Debug-TestProgrammer-640|Any CPU = Debug-TestProgrammer-640|Any CPU
		Debug-TestProgrammer-650|Any CPU = Debug-TestProgrammer-650|Any CPU
		Debug-TestProgrammer-930|Any CPU = Debug-TestProgrammer-930|Any CPU
		Debug-TestProgrammer-950|Any CPU = Debug-TestProgrammer-950|Any CPU
		Debug-UnlockBootloader|Any CPU = Debug-UnlockBootloader|Any CPU
		Preview|Any CPU = Preview|Any CPU
		Preview-Test|Any CPU = Preview-Test|Any CPU
		Release|Any CPU = Release|Any CPU
		Release-Test|Any CPU = Release-Test|Any CPU
	EndGlobalSection
	GlobalSection(ProjectConfigurationPlatforms) = postSolution
		{AED6DEB8-F54C-4B41-9655-793E7096AE6E}.Debug|Any CPU.ActiveCfg = Debug|Any CPU
		{AED6DEB8-F54C-4B41-9655-793E7096AE6E}.Debug|Any CPU.Build.0 = Debug|Any CPU
		{AED6DEB8-F54C-4B41-9655-793E7096AE6E}.Debug-AddEmergency|Any CPU.ActiveCfg = Debug|Any CPU
		{AED6DEB8-F54C-4B41-9655-793E7096AE6E}.Debug-AddEmergency|Any CPU.Build.0 = Debug|Any CPU
		{AED6DEB8-F54C-4B41-9655-793E7096AE6E}.Debug-BackupGPT|Any CPU.ActiveCfg = Debug|Any CPU
		{AED6DEB8-F54C-4B41-9655-793E7096AE6E}.Debug-BackupGPT|Any CPU.Build.0 = Debug|Any CPU
		{AED6DEB8-F54C-4B41-9655-793E7096AE6E}.Debug-ClearNV|Any CPU.ActiveCfg = Debug|Any CPU
		{AED6DEB8-F54C-4B41-9655-793E7096AE6E}.Debug-ClearNV|Any CPU.Build.0 = Debug|Any CPU
		{AED6DEB8-F54C-4B41-9655-793E7096AE6E}.Debug-CustomFlash-930|Any CPU.ActiveCfg = Debug|Any CPU
		{AED6DEB8-F54C-4B41-9655-793E7096AE6E}.Debug-CustomFlash-930|Any CPU.Build.0 = Debug|Any CPU
		{AED6DEB8-F54C-4B41-9655-793E7096AE6E}.Debug-CustomFlash-950 (no restart)|Any CPU.ActiveCfg = Debug|Any CPU
		{AED6DEB8-F54C-4B41-9655-793E7096AE6E}.Debug-CustomFlash-950 (no restart)|Any CPU.Build.0 = Debug|Any CPU
		{AED6DEB8-F54C-4B41-9655-793E7096AE6E}.Debug-CustomFlash-950|Any CPU.ActiveCfg = Debug|Any CPU
		{AED6DEB8-F54C-4B41-9655-793E7096AE6E}.Debug-CustomFlash-950|Any CPU.Build.0 = Debug|Any CPU
		{AED6DEB8-F54C-4B41-9655-793E7096AE6E}.Debug-DLall|Any CPU.ActiveCfg = Debug|Any CPU
		{AED6DEB8-F54C-4B41-9655-793E7096AE6E}.Debug-DLall|Any CPU.Build.0 = Debug|Any CPU
		{AED6DEB8-F54C-4B41-9655-793E7096AE6E}.Debug-DLEmergency|Any CPU.ActiveCfg = Debug|Any CPU
		{AED6DEB8-F54C-4B41-9655-793E7096AE6E}.Debug-DLEmergency|Any CPU.Build.0 = Debug|Any CPU
		{AED6DEB8-F54C-4B41-9655-793E7096AE6E}.Debug-DLFFU|Any CPU.ActiveCfg = Debug|Any CPU
		{AED6DEB8-F54C-4B41-9655-793E7096AE6E}.Debug-DLFFU|Any CPU.Build.0 = Debug|Any CPU
		{AED6DEB8-F54C-4B41-9655-793E7096AE6E}.Debug-DumpFFU|Any CPU.ActiveCfg = Debug|Any CPU
		{AED6DEB8-F54C-4B41-9655-793E7096AE6E}.Debug-DumpFFU|Any CPU.Build.0 = Debug|Any CPU
		{AED6DEB8-F54C-4B41-9655-793E7096AE6E}.Debug-DumpUEFI|Any CPU.ActiveCfg = Debug|Any CPU
		{AED6DEB8-F54C-4B41-9655-793E7096AE6E}.Debug-DumpUEFI|Any CPU.Build.0 = Debug|Any CPU
		{AED6DEB8-F54C-4B41-9655-793E7096AE6E}.Debug-EnableRootAccess|Any CPU.ActiveCfg = Debug|Any CPU
		{AED6DEB8-F54C-4B41-9655-793E7096AE6E}.Debug-EnableRootAccess|Any CPU.Build.0 = Debug|Any CPU
		{AED6DEB8-F54C-4B41-9655-793E7096AE6E}.Debug-EnableRootAccessOnImage|Any CPU.ActiveCfg = Debug|Any CPU
		{AED6DEB8-F54C-4B41-9655-793E7096AE6E}.Debug-EnableRootAccessOnImage|Any CPU.Build.0 = Debug|Any CPU
		{AED6DEB8-F54C-4B41-9655-793E7096AE6E}.Debug-EnableTestSigning (no restart)|Any CPU.ActiveCfg = Debug|Any CPU
		{AED6DEB8-F54C-4B41-9655-793E7096AE6E}.Debug-EnableTestSigning (no restart)|Any CPU.Build.0 = Debug|Any CPU
		{AED6DEB8-F54C-4B41-9655-793E7096AE6E}.Debug-EnableTestSigning|Any CPU.ActiveCfg = Debug|Any CPU
		{AED6DEB8-F54C-4B41-9655-793E7096AE6E}.Debug-EnableTestSigning|Any CPU.Build.0 = Debug|Any CPU
		{AED6DEB8-F54C-4B41-9655-793E7096AE6E}.Debug-FindFlashingProfile|Any CPU.ActiveCfg = Debug|Any CPU
		{AED6DEB8-F54C-4B41-9655-793E7096AE6E}.Debug-FindFlashingProfile|Any CPU.Build.0 = Debug|Any CPU
		{AED6DEB8-F54C-4B41-9655-793E7096AE6E}.Debug-FindFlashingProfileNoRestart|Any CPU.ActiveCfg = Debug|Any CPU
		{AED6DEB8-F54C-4B41-9655-793E7096AE6E}.Debug-FindFlashingProfileNoRestart|Any CPU.Build.0 = Debug|Any CPU
		{AED6DEB8-F54C-4B41-9655-793E7096AE6E}.Debug-FixBoot|Any CPU.ActiveCfg = Debug|Any CPU
		{AED6DEB8-F54C-4B41-9655-793E7096AE6E}.Debug-FixBoot|Any CPU.Build.0 = Debug|Any CPU
		{AED6DEB8-F54C-4B41-9655-793E7096AE6E}.Debug-FlashCustomRom-640|Any CPU.ActiveCfg = Debug|Any CPU
		{AED6DEB8-F54C-4B41-9655-793E7096AE6E}.Debug-FlashCustomRom-640|Any CPU.Build.0 = Debug|Any CPU
		{AED6DEB8-F54C-4B41-9655-793E7096AE6E}.Debug-FlashFFU-RM1073|Any CPU.ActiveCfg = Debug|Any CPU
		{AED6DEB8-F54C-4B41-9655-793E7096AE6E}.Debug-FlashFFU-RM1073|Any CPU.Build.0 = Debug|Any CPU
		{AED6DEB8-F54C-4B41-9655-793E7096AE6E}.Debug-FlashFFU-RM1085|Any CPU.ActiveCfg = Debug|Any CPU
		{AED6DEB8-F54C-4B41-9655-793E7096AE6E}.Debug-FlashFFU-RM1085|Any CPU.Build.0 = Debug|Any CPU
		{AED6DEB8-F54C-4B41-9655-793E7096AE6E}.Debug-FlashRaw|Any CPU.ActiveCfg = Debug|Any CPU
		{AED6DEB8-F54C-4B41-9655-793E7096AE6E}.Debug-FlashRaw|Any CPU.Build.0 = Debug|Any CPU
		{AED6DEB8-F54C-4B41-9655-793E7096AE6E}.Debug-Help|Any CPU.ActiveCfg = Debug|Any CPU
		{AED6DEB8-F54C-4B41-9655-793E7096AE6E}.Debug-Help|Any CPU.Build.0 = Debug|Any CPU
		{AED6DEB8-F54C-4B41-9655-793E7096AE6E}.Debug-MergeGptXmlXml|Any CPU.ActiveCfg = Debug|Any CPU
		{AED6DEB8-F54C-4B41-9655-793E7096AE6E}.Debug-MergeGptXmlXml|Any CPU.Build.0 = Debug|Any CPU
		{AED6DEB8-F54C-4B41-9655-793E7096AE6E}.Debug-MergeGptXmlZip|Any CPU.ActiveCfg = Debug|Any CPU
		{AED6DEB8-F54C-4B41-9655-793E7096AE6E}.Debug-MergeGptXmlZip|Any CPU.Build.0 = Debug|Any CPU
		{AED6DEB8-F54C-4B41-9655-793E7096AE6E}.Debug-MSM|Any CPU.ActiveCfg = Debug|Any CPU
		{AED6DEB8-F54C-4B41-9655-793E7096AE6E}.Debug-MSM|Any CPU.Build.0 = Debug|Any CPU
		{AED6DEB8-F54C-4B41-9655-793E7096AE6E}.Debug-ReadGPT|Any CPU.ActiveCfg = Debug|Any CPU
		{AED6DEB8-F54C-4B41-9655-793E7096AE6E}.Debug-ReadGPT|Any CPU.Build.0 = Debug|Any CPU
		{AED6DEB8-F54C-4B41-9655-793E7096AE6E}.Debug-RelockPhone|Any CPU.ActiveCfg = Debug|Any CPU
		{AED6DEB8-F54C-4B41-9655-793E7096AE6E}.Debug-RelockPhone|Any CPU.Build.0 = Debug|Any CPU
		{AED6DEB8-F54C-4B41-9655-793E7096AE6E}.Debug-RestoreGPT|Any CPU.ActiveCfg = Debug|Any CPU
		{AED6DEB8-F54C-4B41-9655-793E7096AE6E}.Debug-RestoreGPT|Any CPU.Build.0 = Debug|Any CPU
		{AED6DEB8-F54C-4B41-9655-793E7096AE6E}.Debug-ShowFFU|Any CPU.ActiveCfg = Debug|Any CPU
		{AED6DEB8-F54C-4B41-9655-793E7096AE6E}.Debug-ShowFFU|Any CPU.Build.0 = Debug|Any CPU
		{AED6DEB8-F54C-4B41-9655-793E7096AE6E}.Debug-ShowPhoneInfo|Any CPU.ActiveCfg = Debug|Any CPU
		{AED6DEB8-F54C-4B41-9655-793E7096AE6E}.Debug-ShowPhoneInfo|Any CPU.Build.0 = Debug|Any CPU
		{AED6DEB8-F54C-4B41-9655-793E7096AE6E}.Debug-Test|Any CPU.ActiveCfg = Debug-Test|Any CPU
		{AED6DEB8-F54C-4B41-9655-793E7096AE6E}.Debug-Test|Any CPU.Build.0 = Debug-Test|Any CPU
		{AED6DEB8-F54C-4B41-9655-793E7096AE6E}.Debug-TestProgrammer-550|Any CPU.ActiveCfg = Debug|Any CPU
		{AED6DEB8-F54C-4B41-9655-793E7096AE6E}.Debug-TestProgrammer-550|Any CPU.Build.0 = Debug|Any CPU
		{AED6DEB8-F54C-4B41-9655-793E7096AE6E}.Debug-TestProgrammer-630|Any CPU.ActiveCfg = Debug|Any CPU
		{AED6DEB8-F54C-4B41-9655-793E7096AE6E}.Debug-TestProgrammer-630|Any CPU.Build.0 = Debug|Any CPU
		{AED6DEB8-F54C-4B41-9655-793E7096AE6E}.Debug-TestProgrammer-640|Any CPU.ActiveCfg = Debug|Any CPU
		{AED6DEB8-F54C-4B41-9655-793E7096AE6E}.Debug-TestProgrammer-640|Any CPU.Build.0 = Debug|Any CPU
		{AED6DEB8-F54C-4B41-9655-793E7096AE6E}.Debug-TestProgrammer-650|Any CPU.ActiveCfg = Debug|Any CPU
		{AED6DEB8-F54C-4B41-9655-793E7096AE6E}.Debug-TestProgrammer-650|Any CPU.Build.0 = Debug|Any CPU
		{AED6DEB8-F54C-4B41-9655-793E7096AE6E}.Debug-TestProgrammer-930|Any CPU.ActiveCfg = Debug|Any CPU
		{AED6DEB8-F54C-4B41-9655-793E7096AE6E}.Debug-TestProgrammer-930|Any CPU.Build.0 = Debug|Any CPU
		{AED6DEB8-F54C-4B41-9655-793E7096AE6E}.Debug-TestProgrammer-950|Any CPU.ActiveCfg = Debug|Any CPU
		{AED6DEB8-F54C-4B41-9655-793E7096AE6E}.Debug-TestProgrammer-950|Any CPU.Build.0 = Debug|Any CPU
		{AED6DEB8-F54C-4B41-9655-793E7096AE6E}.Debug-UnlockBootloader|Any CPU.ActiveCfg = Debug|Any CPU
		{AED6DEB8-F54C-4B41-9655-793E7096AE6E}.Debug-UnlockBootloader|Any CPU.Build.0 = Debug|Any CPU
		{AED6DEB8-F54C-4B41-9655-793E7096AE6E}.Preview|Any CPU.ActiveCfg = Release|Any CPU
		{AED6DEB8-F54C-4B41-9655-793E7096AE6E}.Preview|Any CPU.Build.0 = Release|Any CPU
		{AED6DEB8-F54C-4B41-9655-793E7096AE6E}.Preview-Test|Any CPU.ActiveCfg = Release|Any CPU
		{AED6DEB8-F54C-4B41-9655-793E7096AE6E}.Preview-Test|Any CPU.Build.0 = Release|Any CPU
		{AED6DEB8-F54C-4B41-9655-793E7096AE6E}.Release|Any CPU.ActiveCfg = Release|Any CPU
		{AED6DEB8-F54C-4B41-9655-793E7096AE6E}.Release|Any CPU.Build.0 = Release|Any CPU
		{AED6DEB8-F54C-4B41-9655-793E7096AE6E}.Release-Test|Any CPU.ActiveCfg = Release|Any CPU
		{AED6DEB8-F54C-4B41-9655-793E7096AE6E}.Release-Test|Any CPU.Build.0 = Release|Any CPU
		{AED6DEB8-F54C-4B41-9655-793E7096AE6F}.Debug|Any CPU.ActiveCfg = Debug|Any CPU
		{AED6DEB8-F54C-4B41-9655-793E7096AE6F}.Debug|Any CPU.Build.0 = Debug|Any CPU
		{AED6DEB8-F54C-4B41-9655-793E7096AE6F}.Debug-AddEmergency|Any CPU.ActiveCfg = Debug|Any CPU
		{AED6DEB8-F54C-4B41-9655-793E7096AE6F}.Debug-AddEmergency|Any CPU.Build.0 = Debug|Any CPU
		{AED6DEB8-F54C-4B41-9655-793E7096AE6F}.Debug-BackupGPT|Any CPU.ActiveCfg = Debug|Any CPU
		{AED6DEB8-F54C-4B41-9655-793E7096AE6F}.Debug-BackupGPT|Any CPU.Build.0 = Debug|Any CPU
		{AED6DEB8-F54C-4B41-9655-793E7096AE6F}.Debug-ClearNV|Any CPU.ActiveCfg = Debug|Any CPU
		{AED6DEB8-F54C-4B41-9655-793E7096AE6F}.Debug-ClearNV|Any CPU.Build.0 = Debug|Any CPU
		{AED6DEB8-F54C-4B41-9655-793E7096AE6F}.Debug-CustomFlash-930|Any CPU.ActiveCfg = Debug|Any CPU
		{AED6DEB8-F54C-4B41-9655-793E7096AE6F}.Debug-CustomFlash-930|Any CPU.Build.0 = Debug|Any CPU
		{AED6DEB8-F54C-4B41-9655-793E7096AE6F}.Debug-CustomFlash-950 (no restart)|Any CPU.ActiveCfg = Debug|Any CPU
		{AED6DEB8-F54C-4B41-9655-793E7096AE6F}.Debug-CustomFlash-950 (no restart)|Any CPU.Build.0 = Debug|Any CPU
		{AED6DEB8-F54C-4B41-9655-793E7096AE6F}.Debug-CustomFlash-950|Any CPU.ActiveCfg = Debug|Any CPU
		{AED6DEB8-F54C-4B41-9655-793E7096AE6F}.Debug-CustomFlash-950|Any CPU.Build.0 = Debug|Any CPU
		{AED6DEB8-F54C-4B41-9655-793E7096AE6F}.Debug-DLall|Any CPU.ActiveCfg = Debug|Any CPU
		{AED6DEB8-F54C-4B41-9655-793E7096AE6F}.Debug-DLall|Any CPU.Build.0 = Debug|Any CPU
		{AED6DEB8-F54C-4B41-9655-793E7096AE6F}.Debug-DLEmergency|Any CPU.ActiveCfg = Debug|Any CPU
		{AED6DEB8-F54C-4B41-9655-793E7096AE6F}.Debug-DLEmergency|Any CPU.Build.0 = Debug|Any CPU
		{AED6DEB8-F54C-4B41-9655-793E7096AE6F}.Debug-DLFFU|Any CPU.ActiveCfg = Debug|Any CPU
		{AED6DEB8-F54C-4B41-9655-793E7096AE6F}.Debug-DLFFU|Any CPU.Build.0 = Debug|Any CPU
		{AED6DEB8-F54C-4B41-9655-793E7096AE6F}.Debug-DumpFFU|Any CPU.ActiveCfg = Debug|Any CPU
		{AED6DEB8-F54C-4B41-9655-793E7096AE6F}.Debug-DumpFFU|Any CPU.Build.0 = Debug|Any CPU
		{AED6DEB8-F54C-4B41-9655-793E7096AE6F}.Debug-DumpUEFI|Any CPU.ActiveCfg = Debug|Any CPU
		{AED6DEB8-F54C-4B41-9655-793E7096AE6F}.Debug-DumpUEFI|Any CPU.Build.0 = Debug|Any CPU
		{AED6DEB8-F54C-4B41-9655-793E7096AE6F}.Debug-EnableRootAccess|Any CPU.ActiveCfg = Debug|Any CPU
		{AED6DEB8-F54C-4B41-9655-793E7096AE6F}.Debug-EnableRootAccess|Any CPU.Build.0 = Debug|Any CPU
		{AED6DEB8-F54C-4B41-9655-793E7096AE6F}.Debug-EnableRootAccessOnImage|Any CPU.ActiveCfg = Debug|Any CPU
		{AED6DEB8-F54C-4B41-9655-793E7096AE6F}.Debug-EnableRootAccessOnImage|Any CPU.Build.0 = Debug|Any CPU
		{AED6DEB8-F54C-4B41-9655-793E7096AE6F}.Debug-EnableTestSigning (no restart)|Any CPU.ActiveCfg = Debug|Any CPU
		{AED6DEB8-F54C-4B41-9655-793E7096AE6F}.Debug-EnableTestSigning (no restart)|Any CPU.Build.0 = Debug|Any CPU
		{AED6DEB8-F54C-4B41-9655-793E7096AE6F}.Debug-EnableTestSigning|Any CPU.ActiveCfg = Debug|Any CPU
		{AED6DEB8-F54C-4B41-9655-793E7096AE6F}.Debug-EnableTestSigning|Any CPU.Build.0 = Debug|Any CPU
		{AED6DEB8-F54C-4B41-9655-793E7096AE6F}.Debug-FindFlashingProfile|Any CPU.ActiveCfg = Debug|Any CPU
		{AED6DEB8-F54C-4B41-9655-793E7096AE6F}.Debug-FindFlashingProfile|Any CPU.Build.0 = Debug|Any CPU
		{AED6DEB8-F54C-4B41-9655-793E7096AE6F}.Debug-FindFlashingProfileNoRestart|Any CPU.ActiveCfg = Debug|Any CPU
		{AED6DEB8-F54C-4B41-9655-793E7096AE6F}.Debug-FindFlashingProfileNoRestart|Any CPU.Build.0 = Debug|Any CPU
		{AED6DEB8-F54C-4B41-9655-793E7096AE6F}.Debug-FixBoot|Any CPU.ActiveCfg = Debug|Any CPU
		{AED6DEB8-F54C-4B41-9655-793E7096AE6F}.Debug-FixBoot|Any CPU.Build.0 = Debug|Any CPU
		{AED6DEB8-F54C-4B41-9655-793E7096AE6F}.Debug-FlashCustomRom-640|Any CPU.ActiveCfg = Debug|Any CPU
		{AED6DEB8-F54C-4B41-9655-793E7096AE6F}.Debug-FlashCustomRom-640|Any CPU.Build.0 = Debug|Any CPU
		{AED6DEB8-F54C-4B41-9655-793E7096AE6F}.Debug-FlashFFU-RM1073|Any CPU.ActiveCfg = Debug|Any CPU
		{AED6DEB8-F54C-4B41-9655-793E7096AE6F}.Debug-FlashFFU-RM1073|Any CPU.Build.0 = Debug|Any CPU
		{AED6DEB8-F54C-4B41-9655-793E7096AE6F}.Debug-FlashFFU-RM1085|Any CPU.ActiveCfg = Debug|Any CPU
		{AED6DEB8-F54C-4B41-9655-793E7096AE6F}.Debug-FlashFFU-RM1085|Any CPU.Build.0 = Debug|Any CPU
		{AED6DEB8-F54C-4B41-9655-793E7096AE6F}.Debug-FlashRaw|Any CPU.ActiveCfg = Debug|Any CPU
		{AED6DEB8-F54C-4B41-9655-793E7096AE6F}.Debug-FlashRaw|Any CPU.Build.0 = Debug|Any CPU
		{AED6DEB8-F54C-4B41-9655-793E7096AE6F}.Debug-Help|Any CPU.ActiveCfg = Debug|Any CPU
		{AED6DEB8-F54C-4B41-9655-793E7096AE6F}.Debug-Help|Any CPU.Build.0 = Debug|Any CPU
		{AED6DEB8-F54C-4B41-9655-793E7096AE6F}.Debug-MergeGptXmlXml|Any CPU.ActiveCfg = Debug|Any CPU
		{AED6DEB8-F54C-4B41-9655-793E7096AE6F}.Debug-MergeGptXmlXml|Any CPU.Build.0 = Debug|Any CPU
		{AED6DEB8-F54C-4B41-9655-793E7096AE6F}.Debug-MergeGptXmlZip|Any CPU.ActiveCfg = Debug|Any CPU
		{AED6DEB8-F54C-4B41-9655-793E7096AE6F}.Debug-MergeGptXmlZip|Any CPU.Build.0 = Debug|Any CPU
		{AED6DEB8-F54C-4B41-9655-793E7096AE6F}.Debug-MSM|Any CPU.ActiveCfg = Debug|Any CPU
		{AED6DEB8-F54C-4B41-9655-793E7096AE6F}.Debug-MSM|Any CPU.Build.0 = Debug|Any CPU
		{AED6DEB8-F54C-4B41-9655-793E7096AE6F}.Debug-ReadGPT|Any CPU.ActiveCfg = Debug|Any CPU
		{AED6DEB8-F54C-4B41-9655-793E7096AE6F}.Debug-ReadGPT|Any CPU.Build.0 = Debug|Any CPU
		{AED6DEB8-F54C-4B41-9655-793E7096AE6F}.Debug-RelockPhone|Any CPU.ActiveCfg = Debug|Any CPU
		{AED6DEB8-F54C-4B41-9655-793E7096AE6F}.Debug-RelockPhone|Any CPU.Build.0 = Debug|Any CPU
		{AED6DEB8-F54C-4B41-9655-793E7096AE6F}.Debug-RestoreGPT|Any CPU.ActiveCfg = Debug|Any CPU
		{AED6DEB8-F54C-4B41-9655-793E7096AE6F}.Debug-RestoreGPT|Any CPU.Build.0 = Debug|Any CPU
		{AED6DEB8-F54C-4B41-9655-793E7096AE6F}.Debug-ShowFFU|Any CPU.ActiveCfg = Debug|Any CPU
		{AED6DEB8-F54C-4B41-9655-793E7096AE6F}.Debug-ShowFFU|Any CPU.Build.0 = Debug|Any CPU
		{AED6DEB8-F54C-4B41-9655-793E7096AE6F}.Debug-ShowPhoneInfo|Any CPU.ActiveCfg = Debug|Any CPU
		{AED6DEB8-F54C-4B41-9655-793E7096AE6F}.Debug-ShowPhoneInfo|Any CPU.Build.0 = Debug|Any CPU
		{AED6DEB8-F54C-4B41-9655-793E7096AE6F}.Debug-Test|Any CPU.ActiveCfg = Debug|Any CPU
		{AED6DEB8-F54C-4B41-9655-793E7096AE6F}.Debug-Test|Any CPU.Build.0 = Debug|Any CPU
		{AED6DEB8-F54C-4B41-9655-793E7096AE6F}.Debug-TestProgrammer-550|Any CPU.ActiveCfg = Debug|Any CPU
		{AED6DEB8-F54C-4B41-9655-793E7096AE6F}.Debug-TestProgrammer-550|Any CPU.Build.0 = Debug|Any CPU
		{AED6DEB8-F54C-4B41-9655-793E7096AE6F}.Debug-TestProgrammer-630|Any CPU.ActiveCfg = Debug|Any CPU
		{AED6DEB8-F54C-4B41-9655-793E7096AE6F}.Debug-TestProgrammer-630|Any CPU.Build.0 = Debug|Any CPU
		{AED6DEB8-F54C-4B41-9655-793E7096AE6F}.Debug-TestProgrammer-640|Any CPU.ActiveCfg = Debug|Any CPU
		{AED6DEB8-F54C-4B41-9655-793E7096AE6F}.Debug-TestProgrammer-640|Any CPU.Build.0 = Debug|Any CPU
		{AED6DEB8-F54C-4B41-9655-793E7096AE6F}.Debug-TestProgrammer-650|Any CPU.ActiveCfg = Debug|Any CPU
		{AED6DEB8-F54C-4B41-9655-793E7096AE6F}.Debug-TestProgrammer-650|Any CPU.Build.0 = Debug|Any CPU
		{AED6DEB8-F54C-4B41-9655-793E7096AE6F}.Debug-TestProgrammer-930|Any CPU.ActiveCfg = Debug|Any CPU
		{AED6DEB8-F54C-4B41-9655-793E7096AE6F}.Debug-TestProgrammer-930|Any CPU.Build.0 = Debug|Any CPU
		{AED6DEB8-F54C-4B41-9655-793E7096AE6F}.Debug-TestProgrammer-950|Any CPU.ActiveCfg = Debug|Any CPU
		{AED6DEB8-F54C-4B41-9655-793E7096AE6F}.Debug-TestProgrammer-950|Any CPU.Build.0 = Debug|Any CPU
		{AED6DEB8-F54C-4B41-9655-793E7096AE6F}.Debug-UnlockBootloader|Any CPU.ActiveCfg = Debug|Any CPU
		{AED6DEB8-F54C-4B41-9655-793E7096AE6F}.Debug-UnlockBootloader|Any CPU.Build.0 = Debug|Any CPU
		{AED6DEB8-F54C-4B41-9655-793E7096AE6F}.Preview|Any CPU.ActiveCfg = Release|Any CPU
		{AED6DEB8-F54C-4B41-9655-793E7096AE6F}.Preview|Any CPU.Build.0 = Release|Any CPU
		{AED6DEB8-F54C-4B41-9655-793E7096AE6F}.Preview-Test|Any CPU.ActiveCfg = Release|Any CPU
		{AED6DEB8-F54C-4B41-9655-793E7096AE6F}.Preview-Test|Any CPU.Build.0 = Release|Any CPU
		{AED6DEB8-F54C-4B41-9655-793E7096AE6F}.Release|Any CPU.ActiveCfg = Release|Any CPU
		{AED6DEB8-F54C-4B41-9655-793E7096AE6F}.Release|Any CPU.Build.0 = Release|Any CPU
		{AED6DEB8-F54C-4B41-9655-793E7096AE6F}.Release-Test|Any CPU.ActiveCfg = Release|Any CPU
		{AED6DEB8-F54C-4B41-9655-793E7096AE6F}.Release-Test|Any CPU.Build.0 = Release|Any CPU
	EndGlobalSection
	GlobalSection(SolutionProperties) = preSolution
		HideSolutionNode = FALSE
	EndGlobalSection
	GlobalSection(ExtensibilityGlobals) = postSolution
		SolutionGuid = {B3E377C3-CCA7-4662-9251-2432B6E44C82}
	EndGlobalSection
EndGlobal
